
Microsoft Visual Studio Solution File, Format Version 12.00
# Visual Studio Version 17
VisualStudioVersion = 17.0.31903.59
MinimumVisualStudioVersion = 10.0.40219.1
Project("{2150E333-8FDC-42A3-9474-1A3956D46DE8}") = "ThucHanh", "ThucHanh", "{022B34E5-C4B7-47BD-948B-ECE6DD7F7B34}"
EndProject
Project("{FAE04EC0-301F-11D3-BF4B-00C04F79EFBC}") = "Buoi1", "ThucHanh\2dArray\Buoi1.csproj", "{B0907938-4AE9-4EA4-AF08-52A02C9EE4A6}"
EndProject
Project("{FAE04EC0-301F-11D3-BF4B-00C04F79EFBC}") = "BackTracking", "ThucHanh\BackTracking\BackTracking.csproj", "{C712496A-1110-4463-9CE4-8369281EE302}"
EndProject
Project("{FAE04EC0-301F-11D3-BF4B-00C04F79EFBC}") = "Buoi2", "ThucHanh\Buoi2\Buoi2.csproj", "{3585A0A8-52E9-4B0B-863B-FD41AFE6A0B4}"
EndProject
Project("{FAE04EC0-301F-11D3-BF4B-00C04F79EFBC}") = "Buoi4", "ThucHanh\DiviceAndC\Buoi4.csproj", "{ACD69042-8C9B-463E-9E44-C434866FE816}"
EndProject
Project("{FAE04EC0-301F-11D3-BF4B-00C04F79EFBC}") = "OopPart1", "ThucHanh\OopPart1\OopPart1.csproj", "{1E3964BF-1E90-44F5-9A3D-A7703064FD78}"
EndProject
Project("{FAE04EC0-301F-11D3-BF4B-00C04F79EFBC}") = "OopPart2", "ThucHanh\OopPart2\OopPart2.csproj", "{68E93BD6-EEEC-45F9-B7A1-C983EBF6BB69}"
EndProject
Project("{FAE04EC0-301F-11D3-BF4B-00C04F79EFBC}") = "OopPart3", "ThucHanh\OopPart3\OopPart3.csproj", "{886FD2BE-6C95-41A2-BCB9-3F6CAE676128}"
EndProject
Project("{FAE04EC0-301F-11D3-BF4B-00C04F79EFBC}") = "Buoi3", "ThucHanh\Recusion\Buoi3.csproj", "{E04E8C17-8C4C-4648-816F-FAF676220A5A}"
EndProject
Project("{FAE04EC0-301F-11D3-BF4B-00C04F79EFBC}") = "Test", "ThucHanh\Test\Test.csproj", "{9B7D5519-C9D3-4DA8-BA81-C240B3A0C4B1}"
EndProject
Project("{FAE04EC0-301F-11D3-BF4B-00C04F79EFBC}") = "SomeCode", "SomeCode\SomeCode.csproj", "{7C35F851-4CAB-4222-A6B3-1473B2F13807}"
EndProject
Global
	GlobalSection(SolutionConfigurationPlatforms) = preSolution
		Debug|Any CPU = Debug|Any CPU
		Release|Any CPU = Release|Any CPU
	EndGlobalSection
	GlobalSection(SolutionProperties) = preSolution
		HideSolutionNode = FALSE
	EndGlobalSection
	GlobalSection(ProjectConfigurationPlatforms) = postSolution
		{B0907938-4AE9-4EA4-AF08-52A02C9EE4A6}.Debug|Any CPU.ActiveCfg = Debug|Any CPU
		{B0907938-4AE9-4EA4-AF08-52A02C9EE4A6}.Debug|Any CPU.Build.0 = Debug|Any CPU
		{B0907938-4AE9-4EA4-AF08-52A02C9EE4A6}.Release|Any CPU.ActiveCfg = Release|Any CPU
		{B0907938-4AE9-4EA4-AF08-52A02C9EE4A6}.Release|Any CPU.Build.0 = Release|Any CPU
		{C712496A-1110-4463-9CE4-8369281EE302}.Debug|Any CPU.ActiveCfg = Debug|Any CPU
		{C712496A-1110-4463-9CE4-8369281EE302}.Debug|Any CPU.Build.0 = Debug|Any CPU
		{C712496A-1110-4463-9CE4-8369281EE302}.Release|Any CPU.ActiveCfg = Release|Any CPU
		{C712496A-1110-4463-9CE4-8369281EE302}.Release|Any CPU.Build.0 = Release|Any CPU
		{3585A0A8-52E9-4B0B-863B-FD41AFE6A0B4}.Debug|Any CPU.ActiveCfg = Debug|Any CPU
		{3585A0A8-52E9-4B0B-863B-FD41AFE6A0B4}.Debug|Any CPU.Build.0 = Debug|Any CPU
		{3585A0A8-52E9-4B0B-863B-FD41AFE6A0B4}.Release|Any CPU.ActiveCfg = Release|Any CPU
		{3585A0A8-52E9-4B0B-863B-FD41AFE6A0B4}.Release|Any CPU.Build.0 = Release|Any CPU
		{ACD69042-8C9B-463E-9E44-C434866FE816}.Debug|Any CPU.ActiveCfg = Debug|Any CPU
		{ACD69042-8C9B-463E-9E44-C434866FE816}.Debug|Any CPU.Build.0 = Debug|Any CPU
		{ACD69042-8C9B-463E-9E44-C434866FE816}.Release|Any CPU.ActiveCfg = Release|Any CPU
		{ACD69042-8C9B-463E-9E44-C434866FE816}.Release|Any CPU.Build.0 = Release|Any CPU
		{1E3964BF-1E90-44F5-9A3D-A7703064FD78}.Debug|Any CPU.ActiveCfg = Debug|Any CPU
		{1E3964BF-1E90-44F5-9A3D-A7703064FD78}.Debug|Any CPU.Build.0 = Debug|Any CPU
		{1E3964BF-1E90-44F5-9A3D-A7703064FD78}.Release|Any CPU.ActiveCfg = Release|Any CPU
		{1E3964BF-1E90-44F5-9A3D-A7703064FD78}.Release|Any CPU.Build.0 = Release|Any CPU
		{68E93BD6-EEEC-45F9-B7A1-C983EBF6BB69}.Debug|Any CPU.ActiveCfg = Debug|Any CPU
		{68E93BD6-EEEC-45F9-B7A1-C983EBF6BB69}.Debug|Any CPU.Build.0 = Debug|Any CPU
		{68E93BD6-EEEC-45F9-B7A1-C983EBF6BB69}.Release|Any CPU.ActiveCfg = Release|Any CPU
		{68E93BD6-EEEC-45F9-B7A1-C983EBF6BB69}.Release|Any CPU.Build.0 = Release|Any CPU
		{886FD2BE-6C95-41A2-BCB9-3F6CAE676128}.Debug|Any CPU.ActiveCfg = Debug|Any CPU
		{886FD2BE-6C95-41A2-BCB9-3F6CAE676128}.Debug|Any CPU.Build.0 = Debug|Any CPU
		{886FD2BE-6C95-41A2-BCB9-3F6CAE676128}.Release|Any CPU.ActiveCfg = Release|Any CPU
		{886FD2BE-6C95-41A2-BCB9-3F6CAE676128}.Release|Any CPU.Build.0 = Release|Any CPU
		{E04E8C17-8C4C-4648-816F-FAF676220A5A}.Debug|Any CPU.ActiveCfg = Debug|Any CPU
		{E04E8C17-8C4C-4648-816F-FAF676220A5A}.Debug|Any CPU.Build.0 = Debug|Any CPU
		{E04E8C17-8C4C-4648-816F-FAF676220A5A}.Release|Any CPU.ActiveCfg = Release|Any CPU
		{E04E8C17-8C4C-4648-816F-FAF676220A5A}.Release|Any CPU.Build.0 = Release|Any CPU
		{9B7D5519-C9D3-4DA8-BA81-C240B3A0C4B1}.Debug|Any CPU.ActiveCfg = Debug|Any CPU
		{9B7D5519-C9D3-4DA8-BA81-C240B3A0C4B1}.Debug|Any CPU.Build.0 = Debug|Any CPU
		{9B7D5519-C9D3-4DA8-BA81-C240B3A0C4B1}.Release|Any CPU.ActiveCfg = Release|Any CPU
		{9B7D5519-C9D3-4DA8-BA81-C240B3A0C4B1}.Release|Any CPU.Build.0 = Release|Any CPU
		{7C35F851-4CAB-4222-A6B3-1473B2F13807}.Debug|Any CPU.ActiveCfg = Debug|Any CPU
		{7C35F851-4CAB-4222-A6B3-1473B2F13807}.Debug|Any CPU.Build.0 = Debug|Any CPU
		{7C35F851-4CAB-4222-A6B3-1473B2F13807}.Release|Any CPU.ActiveCfg = Release|Any CPU
		{7C35F851-4CAB-4222-A6B3-1473B2F13807}.Release|Any CPU.Build.0 = Release|Any CPU
	EndGlobalSection
	GlobalSection(NestedProjects) = preSolution
		{B0907938-4AE9-4EA4-AF08-52A02C9EE4A6} = {022B34E5-C4B7-47BD-948B-ECE6DD7F7B34}
		{C712496A-1110-4463-9CE4-8369281EE302} = {022B34E5-C4B7-47BD-948B-ECE6DD7F7B34}
		{3585A0A8-52E9-4B0B-863B-FD41AFE6A0B4} = {022B34E5-C4B7-47BD-948B-ECE6DD7F7B34}
		{ACD69042-8C9B-463E-9E44-C434866FE816} = {022B34E5-C4B7-47BD-948B-ECE6DD7F7B34}
		{1E3964BF-1E90-44F5-9A3D-A7703064FD78} = {022B34E5-C4B7-47BD-948B-ECE6DD7F7B34}
		{68E93BD6-EEEC-45F9-B7A1-C983EBF6BB69} = {022B34E5-C4B7-47BD-948B-ECE6DD7F7B34}
		{886FD2BE-6C95-41A2-BCB9-3F6CAE676128} = {022B34E5-C4B7-47BD-948B-ECE6DD7F7B34}
		{E04E8C17-8C4C-4648-816F-FAF676220A5A} = {022B34E5-C4B7-47BD-948B-ECE6DD7F7B34}
		{9B7D5519-C9D3-4DA8-BA81-C240B3A0C4B1} = {022B34E5-C4B7-47BD-948B-ECE6DD7F7B34}
	EndGlobalSection
EndGlobal
